<?xml version="1.0" encoding="utf-8"?>
<Project ToolsVersion="4.0" xmlns="http://schemas.microsoft.com/developer/msbuild/2003">
  <ItemGroup>
    <Filter Include="ソース ファイル">
      <UniqueIdentifier>{4FC737F1-C7A5-4376-A066-2A32D752A2FF}</UniqueIdentifier>
      <Extensions>cpp;c;cc;cxx;c++;cppm;ixx;def;odl;idl;hpj;bat;asm;asmx</Extensions>
    </Filter>
    <Filter Include="ヘッダー ファイル">
      <UniqueIdentifier>{93995380-89BD-4b04-88EB-625FBE52EBFB}</UniqueIdentifier>
      <Extensions>h;hh;hpp;hxx;h++;hm;inl;inc;ipp;xsd</Extensions>
    </Filter>
    <Filter Include="リソース ファイル">
      <UniqueIdentifier>{67DA6AB6-F800-4c08-8B7A-83BB121AAD01}</UniqueIdentifier>
      <Extensions>rc;ico;cur;bmp;dlg;rc2;rct;bin;rgs;gif;jpg;jpeg;jpe;resx;tiff;tif;png;wav;mfcribbon-ms</Extensions>
    </Filter>
    <Filter Include="ソース ファイル\directX">
      <UniqueIdentifier>{13a253d0-bf8e-4a25-ba83-59ecd643ff94}</UniqueIdentifier>
    </Filter>
    <Filter Include="ソース ファイル\entry">
      <UniqueIdentifier>{f093d32a-25f6-4a4c-b4eb-6f78d14b5360}</UniqueIdentifier>
    </Filter>
    <Filter Include="ソース ファイル\draw_resource">
      <UniqueIdentifier>{0b371ad5-9c25-4701-a6d6-ff8f0ca37367}</UniqueIdentifier>
    </Filter>
    <Filter Include="ソース ファイル\Windoow">
      <UniqueIdentifier>{8435d424-5a0c-404d-8f45-57f551b92751}</UniqueIdentifier>
    </Filter>
    <Filter Include="ソース ファイル\asset">
      <UniqueIdentifier>{fcb2e2ff-8419-41e3-8e07-2a727b8b4a31}</UniqueIdentifier>
    </Filter>
    <Filter Include="ソース ファイル\object">
      <UniqueIdentifier>{308819f5-9f21-43b5-b9ae-d4a22ad75720}</UniqueIdentifier>
    </Filter>
  </ItemGroup>
  <ItemGroup>
    <ClCompile Include="DXGI.cpp">
      <Filter>ソース ファイル\directX</Filter>
    </ClCompile>
    <ClCompile Include="command_allocator.cpp">
      <Filter>ソース ファイル\directX</Filter>
    </ClCompile>
    <ClCompile Include="command_list.cpp">
      <Filter>ソース ファイル\directX</Filter>
    </ClCompile>
    <ClCompile Include="command_queue.cpp">
      <Filter>ソース ファイル\directX</Filter>
    </ClCompile>
    <ClCompile Include="descriptor_heap.cpp">
      <Filter>ソース ファイル\directX</Filter>
    </ClCompile>
    <ClCompile Include="device.cpp">
      <Filter>ソース ファイル\directX</Filter>
    </ClCompile>
    <ClCompile Include="fence.cpp">
      <Filter>ソース ファイル\directX</Filter>
    </ClCompile>
    <ClCompile Include="fence.h">
      <Filter>ソース ファイル\directX</Filter>
    </ClCompile>
    <ClCompile Include="render_target.cpp">
      <Filter>ソース ファイル\directX</Filter>
    </ClCompile>
    <ClCompile Include="swap_chain.cpp">
      <Filter>ソース ファイル\directX</Filter>
    </ClCompile>
    <ClCompile Include="entry.cpp">
      <Filter>ソース ファイル\entry</Filter>
    </ClCompile>
    <ClCompile Include="triangle_polygon.cpp">
      <Filter>ソース ファイル\draw_resource</Filter>
    </ClCompile>
    <ClCompile Include="shader.cpp">
      <Filter>ソース ファイル\directX</Filter>
    </ClCompile>
    <ClCompile Include="root_signature.cpp">
      <Filter>ソース ファイル\directX</Filter>
    </ClCompile>
    <ClCompile Include="pipline_state_object.cpp">
      <Filter>ソース ファイル\directX</Filter>
    </ClCompile>
    <ClCompile Include="Window.cpp">
      <Filter>ソース ファイル\Windoow</Filter>
    </ClCompile>
    <ClCompile Include="Window.h">
      <Filter>ソース ファイル\Windoow</Filter>
    </ClCompile>
    <ClCompile Include="square_polygon.cpp">
      <Filter>ソース ファイル\draw_resource</Filter>
    </ClCompile>
    <ClCompile Include="constant_buffer.cpp">
      <Filter>ソース ファイル\directX</Filter>
    </ClCompile>
    <ClCompile Include="camera.cpp">
      <Filter>ソース ファイル\object</Filter>
    </ClCompile>
    <ClCompile Include="object.cpp">
      <Filter>ソース ファイル\object</Filter>
    </ClCompile>
    <ClCompile Include="input.cpp">
      <Filter>ソース ファイル\Windoow</Filter>
    </ClCompile>
  </ItemGroup>
  <ItemGroup>
    <ClInclude Include="DXGI.h">
      <Filter>ソース ファイル\directX</Filter>
    </ClInclude>
    <ClInclude Include="command_allocator.h">
      <Filter>ソース ファイル\directX</Filter>
    </ClInclude>
    <ClInclude Include="command_list.h">
      <Filter>ソース ファイル\directX</Filter>
    </ClInclude>
    <ClInclude Include="command_queue.h">
      <Filter>ソース ファイル\directX</Filter>
    </ClInclude>
    <ClInclude Include="descriptor_heap.h">
      <Filter>ソース ファイル\directX</Filter>
    </ClInclude>
    <ClInclude Include="device.h">
      <Filter>ソース ファイル\directX</Filter>
    </ClInclude>
    <ClInclude Include="render_target.h">
      <Filter>ソース ファイル\directX</Filter>
    </ClInclude>
    <ClInclude Include="swap_chain.h">
      <Filter>ソース ファイル\directX</Filter>
    </ClInclude>
    <ClInclude Include="shader.h">
      <Filter>ソース ファイル\directX</Filter>
    </ClInclude>
    <ClInclude Include="root_signature.h">
      <Filter>ソース ファイル\directX</Filter>
    </ClInclude>
    <ClInclude Include="pipline_state_object.h">
      <Filter>ソース ファイル\directX</Filter>
    </ClInclude>
    <ClInclude Include="constant_buffer.h">
      <Filter>ソース ファイル\directX</Filter>
    </ClInclude>
    <ClInclude Include="camera.h">
      <Filter>ソース ファイル\object</Filter>
    </ClInclude>
    <ClInclude Include="object.h">
      <Filter>ソース ファイル\object</Filter>
    </ClInclude>
    <ClInclude Include="square_polygon.h">
      <Filter>ソース ファイル\draw_resource</Filter>
    </ClInclude>
    <ClInclude Include="triangle_polygon.h">
      <Filter>ソース ファイル\draw_resource</Filter>
    </ClInclude>
    <ClInclude Include="input.h">
      <Filter>ソース ファイル\Windoow</Filter>
    </ClInclude>
  </ItemGroup>
  <ItemGroup>
    <FxCompile Include="shader.hlsl">
      <Filter>ソース ファイル\asset</Filter>
    </FxCompile>
  </ItemGroup>
</Project>